
Microsoft Visual Studio Solution File, Format Version 12.00
# Visual Studio Version 17
VisualStudioVersion = 17.14.36301.6
MinimumVisualStudioVersion = 10.0.40219.1
Project("{2150E333-8FDC-42A3-9474-1A3956D46DE8}") = "Services", "Services", "{02EA681E-C7D8-13C7-8484-4AC65E1B71E8}"
EndProject
Project("{2150E333-8FDC-42A3-9474-1A3956D46DE8}") = "Catalog", "Catalog", "{7060E293-8C48-4634-A6C3-EF2AA2EA401E}"
EndProject
Project("{FAE04EC0-301F-11D3-BF4B-00C04F79EFBC}") = "Catalog.API", "Services\Catalog\Catalog.API\Catalog.API.csproj", "{74428A36-ACB5-4E1A-B694-B0D0FC41071F}"
EndProject
Project("{2150E333-8FDC-42A3-9474-1A3956D46DE8}") = "BuildingBlocks", "BuildingBlocks", "{AE7AFE34-231F-48B4-B732-60D2FABBFE51}"
EndProject
Project("{FAE04EC0-301F-11D3-BF4B-00C04F79EFBC}") = "BuildingBlocks", "BuildingBlocks\BuildingBlocks\BuildingBlocks.csproj", "{53C4DE72-6F1A-40E0-A516-191E0D8C4F8B}"
EndProject
Project("{E53339B2-1760-4266-BCC7-CA923CBCF16C}") = "docker-compose", "docker-compose.dcproj", "{81DDED9D-158B-E303-5F62-77A2896D2A5A}"
EndProject
Project("{2150E333-8FDC-42A3-9474-1A3956D46DE8}") = "Basket", "Basket", "{12DFD78E-7F36-4570-9377-5E9F9D4B8B2A}"
EndProject
Project("{FAE04EC0-301F-11D3-BF4B-00C04F79EFBC}") = "Basket.API", "Services\Basket\Basket.API\Basket.API.csproj", "{972596B2-2021-422E-A8F7-217559521A88}"
EndProject
Project("{2150E333-8FDC-42A3-9474-1A3956D46DE8}") = "Discount", "Discount", "{9ADDD91A-6406-4B02-A116-BCD526FD14C5}"
EndProject
Project("{FAE04EC0-301F-11D3-BF4B-00C04F79EFBC}") = "Discount.Grpc", "Services\Discount\Discount.Grpc\Discount.Grpc.csproj", "{90C5E6AE-2699-4B84-90BE-D16768091AEC}"
EndProject
Project("{2150E333-8FDC-42A3-9474-1A3956D46DE8}") = "Ordering", "Ordering", "{4606CB67-95B7-4928-A0E7-3B08B206BCA7}"
EndProject
Project("{FAE04EC0-301F-11D3-BF4B-00C04F79EFBC}") = "Ordering.API", "Services\Ordering\Ordering.API\Ordering.API.csproj", "{374B7603-D48C-4A58-B39A-846A787FFEBE}"
EndProject
Project("{FAE04EC0-301F-11D3-BF4B-00C04F79EFBC}") = "Ordering.Domain", "Services\Ordering\Ordering.Domain\Ordering.Domain.csproj", "{FC73A566-DBBE-44FA-8E4F-00CBF664C3D1}"
EndProject
Project("{FAE04EC0-301F-11D3-BF4B-00C04F79EFBC}") = "Ordering.Application", "Services\Ordering\Ordering.Application\Ordering.Application.csproj", "{5B4A630F-0679-4EB2-8893-0114E8E01494}"
EndProject
Project("{FAE04EC0-301F-11D3-BF4B-00C04F79EFBC}") = "Ordering.Infrastructure", "Services\Ordering\Ordering.Infrastructure\Ordering.Infrastructure.csproj", "{868D2581-FB8D-4513-A6D5-27F3BBBA518F}"
EndProject
Project("{FAE04EC0-301F-11D3-BF4B-00C04F79EFBC}") = "BuildingBlocks.Messaging", "BuildingBlocks\BuildingBlocks.Messaging\BuildingBlocks.Messaging.csproj", "{34E2805C-B12E-488A-B625-99C98F9586F1}"
EndProject
Project("{2150E333-8FDC-42A3-9474-1A3956D46DE8}") = "ApiGateways", "ApiGateways", "{383B711C-0670-4313-9F85-C477E9AC97FA}"
EndProject
Project("{FAE04EC0-301F-11D3-BF4B-00C04F79EFBC}") = "YarpApiGateway", "ApiGateways\YarpApiGateway\YarpApiGateway.csproj", "{60E4BF55-8918-490B-8F13-9F746BE515D4}"
EndProject
Global
	GlobalSection(SolutionConfigurationPlatforms) = preSolution
		Debug|Any CPU = Debug|Any CPU
		Release|Any CPU = Release|Any CPU
	EndGlobalSection
	GlobalSection(ProjectConfigurationPlatforms) = postSolution
		{74428A36-ACB5-4E1A-B694-B0D0FC41071F}.Debug|Any CPU.ActiveCfg = Debug|Any CPU
		{74428A36-ACB5-4E1A-B694-B0D0FC41071F}.Debug|Any CPU.Build.0 = Debug|Any CPU
		{74428A36-ACB5-4E1A-B694-B0D0FC41071F}.Release|Any CPU.ActiveCfg = Release|Any CPU
		{74428A36-ACB5-4E1A-B694-B0D0FC41071F}.Release|Any CPU.Build.0 = Release|Any CPU
		{53C4DE72-6F1A-40E0-A516-191E0D8C4F8B}.Debug|Any CPU.ActiveCfg = Debug|Any CPU
		{53C4DE72-6F1A-40E0-A516-191E0D8C4F8B}.Debug|Any CPU.Build.0 = Debug|Any CPU
		{53C4DE72-6F1A-40E0-A516-191E0D8C4F8B}.Release|Any CPU.ActiveCfg = Release|Any CPU
		{53C4DE72-6F1A-40E0-A516-191E0D8C4F8B}.Release|Any CPU.Build.0 = Release|Any CPU
		{81DDED9D-158B-E303-5F62-77A2896D2A5A}.Debug|Any CPU.ActiveCfg = Debug|Any CPU
		{81DDED9D-158B-E303-5F62-77A2896D2A5A}.Debug|Any CPU.Build.0 = Debug|Any CPU
		{81DDED9D-158B-E303-5F62-77A2896D2A5A}.Release|Any CPU.ActiveCfg = Release|Any CPU
		{81DDED9D-158B-E303-5F62-77A2896D2A5A}.Release|Any CPU.Build.0 = Release|Any CPU
		{972596B2-2021-422E-A8F7-217559521A88}.Debug|Any CPU.ActiveCfg = Debug|Any CPU
		{972596B2-2021-422E-A8F7-217559521A88}.Debug|Any CPU.Build.0 = Debug|Any CPU
		{972596B2-2021-422E-A8F7-217559521A88}.Release|Any CPU.ActiveCfg = Release|Any CPU
		{972596B2-2021-422E-A8F7-217559521A88}.Release|Any CPU.Build.0 = Release|Any CPU
		{90C5E6AE-2699-4B84-90BE-D16768091AEC}.Debug|Any CPU.ActiveCfg = Debug|Any CPU
		{90C5E6AE-2699-4B84-90BE-D16768091AEC}.Debug|Any CPU.Build.0 = Debug|Any CPU
		{90C5E6AE-2699-4B84-90BE-D16768091AEC}.Release|Any CPU.ActiveCfg = Release|Any CPU
		{90C5E6AE-2699-4B84-90BE-D16768091AEC}.Release|Any CPU.Build.0 = Release|Any CPU
		{374B7603-D48C-4A58-B39A-846A787FFEBE}.Debug|Any CPU.ActiveCfg = Debug|Any CPU
		{374B7603-D48C-4A58-B39A-846A787FFEBE}.Debug|Any CPU.Build.0 = Debug|Any CPU
		{374B7603-D48C-4A58-B39A-846A787FFEBE}.Release|Any CPU.ActiveCfg = Release|Any CPU
		{374B7603-D48C-4A58-B39A-846A787FFEBE}.Release|Any CPU.Build.0 = Release|Any CPU
		{FC73A566-DBBE-44FA-8E4F-00CBF664C3D1}.Debug|Any CPU.ActiveCfg = Debug|Any CPU
		{FC73A566-DBBE-44FA-8E4F-00CBF664C3D1}.Debug|Any CPU.Build.0 = Debug|Any CPU
		{FC73A566-DBBE-44FA-8E4F-00CBF664C3D1}.Release|Any CPU.ActiveCfg = Release|Any CPU
		{FC73A566-DBBE-44FA-8E4F-00CBF664C3D1}.Release|Any CPU.Build.0 = Release|Any CPU
		{5B4A630F-0679-4EB2-8893-0114E8E01494}.Debug|Any CPU.ActiveCfg = Debug|Any CPU
		{5B4A630F-0679-4EB2-8893-0114E8E01494}.Debug|Any CPU.Build.0 = Debug|Any CPU
		{5B4A630F-0679-4EB2-8893-0114E8E01494}.Release|Any CPU.ActiveCfg = Release|Any CPU
		{5B4A630F-0679-4EB2-8893-0114E8E01494}.Release|Any CPU.Build.0 = Release|Any CPU
		{868D2581-FB8D-4513-A6D5-27F3BBBA518F}.Debug|Any CPU.ActiveCfg = Debug|Any CPU
		{868D2581-FB8D-4513-A6D5-27F3BBBA518F}.Debug|Any CPU.Build.0 = Debug|Any CPU
		{868D2581-FB8D-4513-A6D5-27F3BBBA518F}.Release|Any CPU.ActiveCfg = Release|Any CPU
		{868D2581-FB8D-4513-A6D5-27F3BBBA518F}.Release|Any CPU.Build.0 = Release|Any CPU
		{34E2805C-B12E-488A-B625-99C98F9586F1}.Debug|Any CPU.ActiveCfg = Debug|Any CPU
		{34E2805C-B12E-488A-B625-99C98F9586F1}.Debug|Any CPU.Build.0 = Debug|Any CPU
		{34E2805C-B12E-488A-B625-99C98F9586F1}.Release|Any CPU.ActiveCfg = Release|Any CPU
		{34E2805C-B12E-488A-B625-99C98F9586F1}.Release|Any CPU.Build.0 = Release|Any CPU
		{60E4BF55-8918-490B-8F13-9F746BE515D4}.Debug|Any CPU.ActiveCfg = Debug|Any CPU
		{60E4BF55-8918-490B-8F13-9F746BE515D4}.Debug|Any CPU.Build.0 = Debug|Any CPU
		{60E4BF55-8918-490B-8F13-9F746BE515D4}.Release|Any CPU.ActiveCfg = Release|Any CPU
		{60E4BF55-8918-490B-8F13-9F746BE515D4}.Release|Any CPU.Build.0 = Release|Any CPU
	EndGlobalSection
	GlobalSection(SolutionProperties) = preSolution
		HideSolutionNode = FALSE
	EndGlobalSection
	GlobalSection(NestedProjects) = preSolution
		{7060E293-8C48-4634-A6C3-EF2AA2EA401E} = {02EA681E-C7D8-13C7-8484-4AC65E1B71E8}
		{74428A36-ACB5-4E1A-B694-B0D0FC41071F} = {7060E293-8C48-4634-A6C3-EF2AA2EA401E}
		{53C4DE72-6F1A-40E0-A516-191E0D8C4F8B} = {AE7AFE34-231F-48B4-B732-60D2FABBFE51}
		{12DFD78E-7F36-4570-9377-5E9F9D4B8B2A} = {02EA681E-C7D8-13C7-8484-4AC65E1B71E8}
		{972596B2-2021-422E-A8F7-217559521A88} = {12DFD78E-7F36-4570-9377-5E9F9D4B8B2A}
		{9ADDD91A-6406-4B02-A116-BCD526FD14C5} = {02EA681E-C7D8-13C7-8484-4AC65E1B71E8}
		{90C5E6AE-2699-4B84-90BE-D16768091AEC} = {9ADDD91A-6406-4B02-A116-BCD526FD14C5}
		{4606CB67-95B7-4928-A0E7-3B08B206BCA7} = {02EA681E-C7D8-13C7-8484-4AC65E1B71E8}
		{374B7603-D48C-4A58-B39A-846A787FFEBE} = {4606CB67-95B7-4928-A0E7-3B08B206BCA7}
		{FC73A566-DBBE-44FA-8E4F-00CBF664C3D1} = {4606CB67-95B7-4928-A0E7-3B08B206BCA7}
		{5B4A630F-0679-4EB2-8893-0114E8E01494} = {4606CB67-95B7-4928-A0E7-3B08B206BCA7}
		{868D2581-FB8D-4513-A6D5-27F3BBBA518F} = {4606CB67-95B7-4928-A0E7-3B08B206BCA7}
		{34E2805C-B12E-488A-B625-99C98F9586F1} = {AE7AFE34-231F-48B4-B732-60D2FABBFE51}
		{60E4BF55-8918-490B-8F13-9F746BE515D4} = {383B711C-0670-4313-9F85-C477E9AC97FA}
	EndGlobalSection
	GlobalSection(ExtensibilityGlobals) = postSolution
		SolutionGuid = {A3754C0D-BAF0-40D7-8AD4-EF0E8F1000FC}
	EndGlobalSection
EndGlobal
